// !$*UTF8*$!
{
	archiveVersion = 1;
	classes = {
	};
	objectVersion = 48;
	objects = {

/* Begin PBXBuildFile section */
		A9B9D1191F85FF4A006894A2 /* AppDelegate.swift in Sources */ = {isa = PBXBuildFile; fileRef = A9B9D1181F85FF4A006894A2 /* AppDelegate.swift */; };
		A9B9D11B1F85FF4A006894A2 /* MapVC.swift in Sources */ = {isa = PBXBuildFile; fileRef = A9B9D11A1F85FF4A006894A2 /* MapVC.swift */; };
		A9B9D11E1F85FF4A006894A2 /* Main.storyboard in Resources */ = {isa = PBXBuildFile; fileRef = A9B9D11C1F85FF4A006894A2 /* Main.storyboard */; };
		A9B9D1211F85FF4A006894A2 /* Go.xcdatamodeld in Sources */ = {isa = PBXBuildFile; fileRef = A9B9D11F1F85FF4A006894A2 /* Go.xcdatamodeld */; };
		A9B9D1231F85FF4A006894A2 /* Assets.xcassets in Resources */ = {isa = PBXBuildFile; fileRef = A9B9D1221F85FF4A006894A2 /* Assets.xcassets */; };
		A9B9D1261F85FF4A006894A2 /* LaunchScreen.storyboard in Resources */ = {isa = PBXBuildFile; fileRef = A9B9D1241F85FF4A006894A2 /* LaunchScreen.storyboard */; };
		A9B9D12F1F86069D006894A2 /* MapKit.framework in Frameworks */ = {isa = PBXBuildFile; fileRef = A9B9D12E1F86069D006894A2 /* MapKit.framework */; };
/* End PBXBuildFile section */

/* Begin PBXFileReference section */
		A9B9D1151F85FF4A006894A2 /* Go.app */ = {isa = PBXFileReference; explicitFileType = wrapper.application; includeInIndex = 0; path = Go.app; sourceTree = BUILT_PRODUCTS_DIR; };
		A9B9D1181F85FF4A006894A2 /* AppDelegate.swift */ = {isa = PBXFileReference; lastKnownFileType = sourcecode.swift; path = AppDelegate.swift; sourceTree = "<group>"; };
		A9B9D11A1F85FF4A006894A2 /* MapVC.swift */ = {isa = PBXFileReference; lastKnownFileType = sourcecode.swift; path = MapVC.swift; sourceTree = "<group>"; };
		A9B9D11D1F85FF4A006894A2 /* Base */ = {isa = PBXFileReference; lastKnownFileType = file.storyboard; name = Base; path = Base.lproj/Main.storyboard; sourceTree = "<group>"; };
		A9B9D1201F85FF4A006894A2 /* Go.xcdatamodel */ = {isa = PBXFileReference; lastKnownFileType = wrapper.xcdatamodel; path = Go.xcdatamodel; sourceTree = "<group>"; };
		A9B9D1221F85FF4A006894A2 /* Assets.xcassets */ = {isa = PBXFileReference; lastKnownFileType = folder.assetcatalog; path = Assets.xcassets; sourceTree = "<group>"; };
		A9B9D1251F85FF4A006894A2 /* Base */ = {isa = PBXFileReference; lastKnownFileType = file.storyboard; name = Base; path = Base.lproj/LaunchScreen.storyboard; sourceTree = "<group>"; };
		A9B9D1271F85FF4A006894A2 /* Info.plist */ = {isa = PBXFileReference; lastKnownFileType = text.plist.xml; path = Info.plist; sourceTree = "<group>"; };
		A9B9D12E1F86069D006894A2 /* MapKit.framework */ = {isa = PBXFileReference; lastKnownFileType = wrapper.framework; name = MapKit.framework; path = System/Library/Frameworks/MapKit.framework; sourceTree = SDKROOT; };
/* End PBXFileReference section */

/* Begin PBXFrameworksBuildPhase section */
		A9B9D1121F85FF4A006894A2 /* Frameworks */ = {
			isa = PBXFrameworksBuildPhase;
			buildActionMask = 2147483647;
			files = (
				A9B9D12F1F86069D006894A2 /* MapKit.framework in Frameworks */,
			);
			runOnlyForDeploymentPostprocessing = 0;
		};
/* End PBXFrameworksBuildPhase section */

/* Begin PBXGroup section */
		A9B9D10C1F85FF4A006894A2 = {
			isa = PBXGroup;
			children = (
				A9B9D1171F85FF4A006894A2 /* Go */,
				A9B9D1161F85FF4A006894A2 /* Products */,
				A9B9D12D1F86069D006894A2 /* Frameworks */,
			);
			sourceTree = "<group>";
		};
		A9B9D1161F85FF4A006894A2 /* Products */ = {
			isa = PBXGroup;
			children = (
				A9B9D1151F85FF4A006894A2 /* Go.app */,
			);
			name = Products;
			sourceTree = "<group>";
		};
		A9B9D1171F85FF4A006894A2 /* Go */ = {
			isa = PBXGroup;
			children = (
				A9B9D1181F85FF4A006894A2 /* AppDelegate.swift */,
				A9B9D11A1F85FF4A006894A2 /* MapVC.swift */,
				A9B9D11C1F85FF4A006894A2 /* Main.storyboard */,
				A9B9D1221F85FF4A006894A2 /* Assets.xcassets */,
				A9B9D1241F85FF4A006894A2 /* LaunchScreen.storyboard */,
				A9B9D1271F85FF4A006894A2 /* Info.plist */,
				A9B9D11F1F85FF4A006894A2 /* Go.xcdatamodeld */,
			);
			path = Go;
			sourceTree = "<group>";
		};
		A9B9D12D1F86069D006894A2 /* Frameworks */ = {
			isa = PBXGroup;
			children = (
				A9B9D12E1F86069D006894A2 /* MapKit.framework */,
			);
			name = Frameworks;
			sourceTree = "<group>";
		};
/* End PBXGroup section */

/* Begin PBXNativeTarget section */
		A9B9D1141F85FF4A006894A2 /* Go */ = {
			isa = PBXNativeTarget;
			buildConfigurationList = A9B9D12A1F85FF4A006894A2 /* Build configuration list for PBXNativeTarget "Go" */;
			buildPhases = (
				A9B9D1111F85FF4A006894A2 /* Sources */,
				A9B9D1121F85FF4A006894A2 /* Frameworks */,
				A9B9D1131F85FF4A006894A2 /* Resources */,
			);
			buildRules = (
			);
			dependencies = (
			);
			name = Go;
			productName = Go;
			productReference = A9B9D1151F85FF4A006894A2 /* Go.app */;
			productType = "com.apple.product-type.application";
		};
/* End PBXNativeTarget section */

/* Begin PBXProject section */
		A9B9D10D1F85FF4A006894A2 /* Project object */ = {
			isa = PBXProject;
			attributes = {
				LastSwiftUpdateCheck = 0900;
				LastUpgradeCheck = 0900;
				ORGANIZATIONNAME = BAM;
				TargetAttributes = {
					A9B9D1141F85FF4A006894A2 = {
						CreatedOnToolsVersion = 9.0;
						ProvisioningStyle = Automatic;
					};
				};
			};
			buildConfigurationList = A9B9D1101F85FF4A006894A2 /* Build configuration list for PBXProject "Go" */;
			compatibilityVersion = "Xcode 8.0";
			developmentRegion = en;
			hasScannedForEncodings = 0;
			knownRegions = (
				en,
				Base,
			);
			mainGroup = A9B9D10C1F85FF4A006894A2;
			productRefGroup = A9B9D1161F85FF4A006894A2 /* Products */;
			projectDirPath = "";
			projectRoot = "";
			targets = (
				A9B9D1141F85FF4A006894A2 /* Go */,
			);
		};
/* End PBXProject section */

/* Begin PBXResourcesBuildPhase section */
		A9B9D1131F85FF4A006894A2 /* Resources */ = {
			isa = PBXResourcesBuildPhase;
			buildActionMask = 2147483647;
			files = (
				A9B9D1261F85FF4A006894A2 /* LaunchScreen.storyboard in Resources */,
				A9B9D1231F85FF4A006894A2 /* Assets.xcassets in Resources */,
				A9B9D11E1F85FF4A006894A2 /* Main.storyboard in Resources */,
			);
			runOnlyForDeploymentPostprocessing = 0;
		};
/* End PBXResourcesBuildPhase section */

/* Begin PBXSourcesBuildPhase section */
		A9B9D1111F85FF4A006894A2 /* Sources */ = {
			isa = PBXSourcesBuildPhase;
			buildActionMask = 2147483647;
			files = (
				A9B9D11B1F85FF4A006894A2 /* MapVC.swift in Sources */,
				A9B9D1191F85FF4A006894A2 /* AppDelegate.swift in Sources */,
				A9B9D1211F85FF4A006894A2 /* Go.xcdatamodeld in Sources */,
			);
			runOnlyForDeploymentPostprocessing = 0;
		};
/* End PBXSourcesBuildPhase section */

/* Begin PBXVariantGroup section */
		A9B9D11C1F85FF4A006894A2 /* Main.storyboard */ = {
			isa = PBXVariantGroup;
			children = (
				A9B9D11D1F85FF4A006894A2 /* Base */,
			);
			name = Main.storyboard;
			sourceTree = "<group>";
		};
		A9B9D1241F85FF4A006894A2 /* LaunchScreen.storyboard */ = {
			isa = PBXVariantGroup;
			children = (
				A9B9D1251F85FF4A006894A2 /* Base */,
			);
			name = LaunchScreen.storyboard;
			sourceTree = "<group>";
		};
/* End PBXVariantGroup section */

/* Begin XCBuildConfiguration section */
		A9B9D1281F85FF4A006894A2 /* Debug */ = {
			isa = XCBuildConfiguration;
			buildSettings = {
				ALWAYS_SEARCH_USER_PATHS = NO;
				CLANG_ANALYZER_NONNULL = YES;
				CLANG_ANALYZER_NUMBER_OBJECT_CONVERSION = YES_AGGRESSIVE;
				CLANG_CXX_LANGUAGE_STANDARD = "gnu++14";
				CLANG_CXX_LIBRARY = "libc++";
				CLANG_ENABLE_MODULES = YES;
				CLANG_ENABLE_OBJC_ARC = YES;
				CLANG_WARN_BLOCK_CAPTURE_AUTORELEASING = YES;
				CLANG_WARN_BOOL_CONVERSION = YES;
				CLANG_WARN_COMMA = YES;
				CLANG_WARN_CONSTANT_CONVERSION = YES;
				CLANG_WARN_DIRECT_OBJC_ISA_USAGE = YES_ERROR;
				CLANG_WARN_DOCUMENTATION_COMMENTS = YES;
				CLANG_WARN_EMPTY_BODY = YES;
				CLANG_WARN_ENUM_CONVERSION = YES;
				CLANG_WARN_INFINITE_RECURSION = YES;
				CLANG_WARN_INT_CONVERSION = YES;
				CLANG_WARN_NON_LITERAL_NULL_CONVERSION = YES;
				CLANG_WARN_OBJC_LITERAL_CONVERSION = YES;
				CLANG_WARN_OBJC_ROOT_CLASS = YES_ERROR;
				CLANG_WARN_RANGE_LOOP_ANALYSIS = YES;
				CLANG_WARN_STRICT_PROTOTYPES = YES;
				CLANG_WARN_SUSPICIOUS_MOVE = YES;
				CLANG_WARN_UNGUARDED_AVAILABILITY = YES_AGGRESSIVE;
				CLANG_WARN_UNREACHABLE_CODE = YES;
				CLANG_WARN__DUPLICATE_METHOD_MATCH = YES;
				CODE_SIGN_IDENTITY = "iPhone Developer";
				COPY_PHASE_STRIP = NO;
				DEBUG_INFORMATION_FORMAT = dwarf;
				ENABLE_STRICT_OBJC_MSGSEND = YES;
				ENABLE_TESTABILITY = YES;
				GCC_C_LANGUAGE_STANDARD = gnu11;
				GCC_DYNAMIC_NO_PIC = NO;
				GCC_NO_COMMON_BLOCKS = YES;
				GCC_OPTIMIZATION_LEVEL = 0;
				GCC_PREPROCESSOR_DEFINITIONS = (
					"DEBUG=1",
					"$(inherited)",
				);
				GCC_WARN_64_TO_32_BIT_CONVERSION = YES;
				GCC_WARN_ABOUT_RETURN_TYPE = YES_ERROR;
				GCC_WARN_UNDECLARED_SELECTOR = YES;
				GCC_WARN_UNINITIALIZED_AUTOS = YES_AGGRESSIVE;
				GCC_WARN_UNUSED_FUNCTION = YES;
				GCC_WARN_UNUSED_VARIABLE = YES;
				IPHONEOS_DEPLOYMENT_TARGET = 11.0;
				MTL_ENABLE_DEBUG_INFO = YES;
				ONLY_ACTIVE_ARCH = YES;
				SDKROOT = iphoneos;
				SWIFT_ACTIVE_COMPILATION_CONDITIONS = DEBUG;
				SWIFT_OPTIMIZATION_LEVEL = "-Onone";
			};
			name = Debug;
		};
		A9B9D1291F85FF4A006894A2 /* Release */ = {
			isa = XCBuildConfiguration;
			buildSettings = {
				ALWAYS_SEARCH_USER_PATHS = NO;
				CLANG_ANALYZER_NONNULL = YES;
				CLANG_ANALYZER_NUMBER_OBJECT_CONVERSION = YES_AGGRESSIVE;
				CLANG_CXX_LANGUAGE_STANDARD = "gnu++14";
				CLANG_CXX_LIBRARY = "libc++";
				CLANG_ENABLE_MODULES = YES;
				CLANG_ENABLE_OBJC_ARC = YES;
				CLANG_WARN_BLOCK_CAPTURE_AUTORELEASING = YES;
				CLANG_WARN_BOOL_CONVERSION = YES;
				CLANG_WARN_COMMA = YES;
				CLANG_WARN_CONSTANT_CONVERSION = YES;
				CLANG_WARN_DIRECT_OBJC_ISA_USAGE = YES_ERROR;
				CLANG_WARN_DOCUMENTATION_COMMENTS = YES;
				CLANG_WARN_EMPTY_BODY = YES;
				CLANG_WARN_ENUM_CONVERSION = YES;
				CLANG_WARN_INFINITE_RECURSION = YES;
				CLANG_WARN_INT_CONVERSION = YES;
				CLANG_WARN_NON_LITERAL_NULL_CONVERSION = YES;
				CLANG_WARN_OBJC_LITERAL_CONVERSION = YES;
				CLANG_WARN_OBJC_ROOT_CLASS = YES_ERROR;
				CLANG_WARN_RANGE_LOOP_ANALYSIS = YES;
				CLANG_WARN_STRICT_PROTOTYPES = YES;
				CLANG_WARN_SUSPICIOUS_MOVE = YES;
				CLANG_WARN_UNGUARDED_AVAILABILITY = YES_AGGRESSIVE;
				CLANG_WARN_UNREACHABLE_CODE = YES;
				CLANG_WARN__DUPLICATE_METHOD_MATCH = YES;
				CODE_SIGN_IDENTITY = "iPhone Developer";
				COPY_PHASE_STRIP = NO;
				DEBUG_INFORMATION_FORMAT = "dwarf-with-dsym";
				ENABLE_NS_ASSERTIONS = NO;
				ENABLE_STRICT_OBJC_MSGSEND = YES;
				GCC_C_LANGUAGE_STANDARD = gnu11;
				GCC_NO_COMMON_BLOCKS = YES;
				GCC_WARN_64_TO_32_BIT_CONVERSION = YES;
				GCC_WARN_ABOUT_RETURN_TYPE = YES_ERROR;
				GCC_WARN_UNDECLARED_SELECTOR = YES;
				GCC_WARN_UNINITIALIZED_AUTOS = YES_AGGRESSIVE;
				GCC_WARN_UNUSED_FUNCTION = YES;
				GCC_WARN_UNUSED_VARIABLE = YES;
				IPHONEOS_DEPLOYMENT_TARGET = 11.0;
				MTL_ENABLE_DEBUG_INFO = NO;
				SDKROOT = iphoneos;
				SWIFT_OPTIMIZATION_LEVEL = "-Owholemodule";
				VALIDATE_PRODUCT = YES;
			};
			name = Release;
		};
		A9B9D12B1F85FF4A006894A2 /* Debug */ = {
			isa = XCBuildConfiguration;
			buildSettings = {
				ASSETCATALOG_COMPILER_APPICON_NAME = AppIcon;
				CODE_SIGN_STYLE = Automatic;
				INFOPLIST_FILE = Go/Info.plist;
				LD_RUNPATH_SEARCH_PATHS = "$(inherited) @executable_path/Frameworks";
				PRODUCT_BUNDLE_IDENTIFIER = com.bam.Go;
				PRODUCT_NAME = "$(TARGET_NAME)";
				SWIFT_VERSION = 4.0;
				TARGETED_DEVICE_FAMILY = "1,2";
			};
			name = Debug;
		};
		A9B9D12C1F85FF4A006894A2 /* Release */ = {
			isa = XCBuildConfiguration;
			buildSettings = {
				ASSETCATALOG_COMPILER_APPICON_NAME = AppIcon;
				CODE_SIGN_STYLE = Automatic;
				INFOPLIST_FILE = Go/Info.plist;
				LD_RUNPATH_SEARCH_PATHS = "$(inherited) @executable_path/Frameworks";
				PRODUCT_BUNDLE_IDENTIFIER = com.bam.Go;
				PRODUCT_NAME = "$(TARGET_NAME)";
				SWIFT_VERSION = 4.0;
				TARGETED_DEVICE_FAMILY = "1,2";
			};
			name = Release;
		};
/* End XCBuildConfiguration section */

/* Begin XCConfigurationList section */
		A9B9D1101F85FF4A006894A2 /* Build configuration list for PBXProject "Go" */ = {
			isa = XCConfigurationList;
			buildConfigurations = (
				A9B9D1281F85FF4A006894A2 /* Debug */,
				A9B9D1291F85FF4A006894A2 /* Release */,
			);
			defaultConfigurationIsVisible = 0;
			defaultConfigurationName = Release;
		};
		A9B9D12A1F85FF4A006894A2 /* Build configuration list for PBXNativeTarget "Go" */ = {
			isa = XCConfigurationList;
			buildConfigurations = (
				A9B9D12B1F85FF4A006894A2 /* Debug */,
				A9B9D12C1F85FF4A006894A2 /* Release */,
			);
			defaultConfigurationIsVisible = 0;
			defaultConfigurationName = Release;
		};
/* End XCConfigurationList section */

/* Begin XCVersionGroup section */
		A9B9D11F1F85FF4A006894A2 /* Go.xcdatamodeld */ = {
			isa = XCVersionGroup;
			children = (
				A9B9D1201F85FF4A006894A2 /* Go.xcdatamodel */,
			);
			currentVersion = A9B9D1201F85FF4A006894A2 /* Go.xcdatamodel */;
			path = Go.xcdatamodeld;
			sourceTree = "<group>";
			versionGroupType = wrapper.xcdatamodel;
		};
/* End XCVersionGroup section */
	};
	rootObject = A9B9D10D1F85FF4A006894A2 /* Project object */;
}
